// !$*UTF8*$!
{
	archiveVersion = 1;
	classes = {
	};
	objectVersion = 46;
	objects = {

/* Begin PBXBuildFile section */
		445AD5501A0880F400408F7B /* main.m in Sources */ = {isa = PBXBuildFile; fileRef = 445AD54F1A0880F400408F7B /* main.m */; };
		445AD5531A0880F400408F7B /* AppDelegate.m in Sources */ = {isa = PBXBuildFile; fileRef = 445AD5521A0880F400408F7B /* AppDelegate.m */; };
		445AD5561A0880F500408F7B /* ViewController.m in Sources */ = {isa = PBXBuildFile; fileRef = 445AD5551A0880F500408F7B /* ViewController.m */; };
		445AD5591A0880F500408F7B /* Main.storyboard in Resources */ = {isa = PBXBuildFile; fileRef = 445AD5571A0880F500408F7B /* Main.storyboard */; };
		445AD55B1A0880F500408F7B /* Images.xcassets in Resources */ = {isa = PBXBuildFile; fileRef = 445AD55A1A0880F500408F7B /* Images.xcassets */; };
		445AD55E1A0880F500408F7B /* LaunchScreen.xib in Resources */ = {isa = PBXBuildFile; fileRef = 445AD55C1A0880F500408F7B /* LaunchScreen.xib */; };
		445AD56A1A0880F500408F7B /* PortraitUploadDemoTests.m in Sources */ = {isa = PBXBuildFile; fileRef = 445AD5691A0880F500408F7B /* PortraitUploadDemoTests.m */; };
		445AD5761A08A50D00408F7B /* PhotoSelectViewController.m in Sources */ = {isa = PBXBuildFile; fileRef = 445AD5751A08A50D00408F7B /* PhotoSelectViewController.m */; };
		530D230DCA4A9A48CD1E1D01 /* libPods-PortraitUploadDemo.a in Frameworks */ = {isa = PBXBuildFile; fileRef = 83B2478D863D41769ED8A9D1 /* libPods-PortraitUploadDemo.a */; };
/* End PBXBuildFile section */

/* Begin PBXContainerItemProxy section */
		445AD5641A0880F500408F7B /* PBXContainerItemProxy */ = {
			isa = PBXContainerItemProxy;
			containerPortal = 445AD5421A0880F300408F7B /* Project object */;
			proxyType = 1;
			remoteGlobalIDString = 445AD5491A0880F400408F7B;
			remoteInfo = PortraitUploadDemo;
		};
/* End PBXContainerItemProxy section */

/* Begin PBXFileReference section */
		3EDAE57A2D573F32E38CB0CD /* Pods-PortraitUploadDemo.debug.xcconfig */ = {isa = PBXFileReference; includeInIndex = 1; lastKnownFileType = text.xcconfig; name = "Pods-PortraitUploadDemo.debug.xcconfig"; path = "Pods/Target Support Files/Pods-PortraitUploadDemo/Pods-PortraitUploadDemo.debug.xcconfig"; sourceTree = "<group>"; };
		445AD54A1A0880F400408F7B /* PortraitUploadDemo.app */ = {isa = PBXFileReference; explicitFileType = wrapper.application; includeInIndex = 0; path = PortraitUploadDemo.app; sourceTree = BUILT_PRODUCTS_DIR; };
		445AD54E1A0880F400408F7B /* Info.plist */ = {isa = PBXFileReference; lastKnownFileType = text.plist.xml; path = Info.plist; sourceTree = "<group>"; };
		445AD54F1A0880F400408F7B /* main.m */ = {isa = PBXFileReference; lastKnownFileType = sourcecode.c.objc; path = main.m; sourceTree = "<group>"; };
		445AD5511A0880F400408F7B /* AppDelegate.h */ = {isa = PBXFileReference; lastKnownFileType = sourcecode.c.h; path = AppDelegate.h; sourceTree = "<group>"; };
		445AD5521A0880F400408F7B /* AppDelegate.m */ = {isa = PBXFileReference; lastKnownFileType = sourcecode.c.objc; path = AppDelegate.m; sourceTree = "<group>"; };
		445AD5541A0880F500408F7B /* ViewController.h */ = {isa = PBXFileReference; lastKnownFileType = sourcecode.c.h; path = ViewController.h; sourceTree = "<group>"; };
		445AD5551A0880F500408F7B /* ViewController.m */ = {isa = PBXFileReference; lastKnownFileType = sourcecode.c.objc; path = ViewController.m; sourceTree = "<group>"; };
		445AD5581A0880F500408F7B /* Base */ = {isa = PBXFileReference; lastKnownFileType = file.storyboard; name = Base; path = Base.lproj/Main.storyboard; sourceTree = "<group>"; };
		445AD55A1A0880F500408F7B /* Images.xcassets */ = {isa = PBXFileReference; lastKnownFileType = folder.assetcatalog; path = Images.xcassets; sourceTree = "<group>"; };
		445AD55D1A0880F500408F7B /* Base */ = {isa = PBXFileReference; lastKnownFileType = file.xib; name = Base; path = Base.lproj/LaunchScreen.xib; sourceTree = "<group>"; };
		445AD5631A0880F500408F7B /* PortraitUploadDemoTests.xctest */ = {isa = PBXFileReference; explicitFileType = wrapper.cfbundle; includeInIndex = 0; path = PortraitUploadDemoTests.xctest; sourceTree = BUILT_PRODUCTS_DIR; };
		445AD5681A0880F500408F7B /* Info.plist */ = {isa = PBXFileReference; lastKnownFileType = text.plist.xml; path = Info.plist; sourceTree = "<group>"; };
		445AD5691A0880F500408F7B /* PortraitUploadDemoTests.m */ = {isa = PBXFileReference; lastKnownFileType = sourcecode.c.objc; path = PortraitUploadDemoTests.m; sourceTree = "<group>"; };
		445AD5741A08A50D00408F7B /* PhotoSelectViewController.h */ = {isa = PBXFileReference; fileEncoding = 4; lastKnownFileType = sourcecode.c.h; path = PhotoSelectViewController.h; sourceTree = "<group>"; };
		445AD5751A08A50D00408F7B /* PhotoSelectViewController.m */ = {isa = PBXFileReference; fileEncoding = 4; lastKnownFileType = sourcecode.c.objc; path = PhotoSelectViewController.m; sourceTree = "<group>"; };
		7EC25C3091031E48CB4EB788 /* Pods-PortraitUploadDemo.release.xcconfig */ = {isa = PBXFileReference; includeInIndex = 1; lastKnownFileType = text.xcconfig; name = "Pods-PortraitUploadDemo.release.xcconfig"; path = "Pods/Target Support Files/Pods-PortraitUploadDemo/Pods-PortraitUploadDemo.release.xcconfig"; sourceTree = "<group>"; };
		83B2478D863D41769ED8A9D1 /* libPods-PortraitUploadDemo.a */ = {isa = PBXFileReference; explicitFileType = archive.ar; includeInIndex = 0; path = "libPods-PortraitUploadDemo.a"; sourceTree = BUILT_PRODUCTS_DIR; };
/* End PBXFileReference section */

/* Begin PBXFrameworksBuildPhase section */
		445AD5471A0880F400408F7B /* Frameworks */ = {
			isa = PBXFrameworksBuildPhase;
			buildActionMask = 2147483647;
			files = (
				530D230DCA4A9A48CD1E1D01 /* libPods-PortraitUploadDemo.a in Frameworks */,
			);
			runOnlyForDeploymentPostprocessing = 0;
		};
		445AD5601A0880F500408F7B /* Frameworks */ = {
			isa = PBXFrameworksBuildPhase;
			buildActionMask = 2147483647;
			files = (
			);
			runOnlyForDeploymentPostprocessing = 0;
		};
/* End PBXFrameworksBuildPhase section */

/* Begin PBXGroup section */
		445AD5411A0880F300408F7B = {
			isa = PBXGroup;
			children = (
				445AD54C1A0880F400408F7B /* PortraitUploadDemo */,
				445AD5661A0880F500408F7B /* PortraitUploadDemoTests */,
				445AD54B1A0880F400408F7B /* Products */,
				B8A3EB632712B4624A9A92DB /* Pods */,
				655D2C9F2D4EF15B414235D6 /* Frameworks */,
			);
			sourceTree = "<group>";
		};
		445AD54B1A0880F400408F7B /* Products */ = {
			isa = PBXGroup;
			children = (
				445AD54A1A0880F400408F7B /* PortraitUploadDemo.app */,
				445AD5631A0880F500408F7B /* PortraitUploadDemoTests.xctest */,
			);
			name = Products;
			sourceTree = "<group>";
		};
		445AD54C1A0880F400408F7B /* PortraitUploadDemo */ = {
			isa = PBXGroup;
			children = (
				445AD5731A08A4E000408F7B /* Controllers */,
				445AD5511A0880F400408F7B /* AppDelegate.h */,
				445AD5521A0880F400408F7B /* AppDelegate.m */,
				445AD54D1A0880F400408F7B /* Supporting Files */,
			);
			path = PortraitUploadDemo;
			sourceTree = "<group>";
		};
		445AD54D1A0880F400408F7B /* Supporting Files */ = {
			isa = PBXGroup;
			children = (
				445AD5571A0880F500408F7B /* Main.storyboard */,
				445AD55A1A0880F500408F7B /* Images.xcassets */,
				445AD55C1A0880F500408F7B /* LaunchScreen.xib */,
				445AD54E1A0880F400408F7B /* Info.plist */,
				445AD54F1A0880F400408F7B /* main.m */,
			);
			name = "Supporting Files";
			sourceTree = "<group>";
		};
		445AD5661A0880F500408F7B /* PortraitUploadDemoTests */ = {
			isa = PBXGroup;
			children = (
				445AD5691A0880F500408F7B /* PortraitUploadDemoTests.m */,
				445AD5671A0880F500408F7B /* Supporting Files */,
			);
			path = PortraitUploadDemoTests;
			sourceTree = "<group>";
		};
		445AD5671A0880F500408F7B /* Supporting Files */ = {
			isa = PBXGroup;
			children = (
				445AD5681A0880F500408F7B /* Info.plist */,
			);
			name = "Supporting Files";
			sourceTree = "<group>";
		};
		445AD5731A08A4E000408F7B /* Controllers */ = {
			isa = PBXGroup;
			children = (
				445AD5541A0880F500408F7B /* ViewController.h */,
				445AD5551A0880F500408F7B /* ViewController.m */,
				445AD5741A08A50D00408F7B /* PhotoSelectViewController.h */,
				445AD5751A08A50D00408F7B /* PhotoSelectViewController.m */,
			);
			name = Controllers;
			sourceTree = "<group>";
		};
		655D2C9F2D4EF15B414235D6 /* Frameworks */ = {
			isa = PBXGroup;
			children = (
				83B2478D863D41769ED8A9D1 /* libPods-PortraitUploadDemo.a */,
			);
			name = Frameworks;
			sourceTree = "<group>";
		};
		B8A3EB632712B4624A9A92DB /* Pods */ = {
			isa = PBXGroup;
			children = (
				3EDAE57A2D573F32E38CB0CD /* Pods-PortraitUploadDemo.debug.xcconfig */,
				7EC25C3091031E48CB4EB788 /* Pods-PortraitUploadDemo.release.xcconfig */,
			);
			name = Pods;
			sourceTree = "<group>";
		};
/* End PBXGroup section */

/* Begin PBXNativeTarget section */
		445AD5491A0880F400408F7B /* PortraitUploadDemo */ = {
			isa = PBXNativeTarget;
			buildConfigurationList = 445AD56D1A0880F500408F7B /* Build configuration list for PBXNativeTarget "PortraitUploadDemo" */;
			buildPhases = (
				92D8DA479E12E842D9151CC8 /* Check Pods Manifest.lock */,
				445AD5461A0880F400408F7B /* Sources */,
				445AD5471A0880F400408F7B /* Frameworks */,
				445AD5481A0880F400408F7B /* Resources */,
				296E6DAAEE9DEE93C1EFF287 /* Copy Pods Resources */,
			);
			buildRules = (
			);
			dependencies = (
			);
			name = PortraitUploadDemo;
			productName = PortraitUploadDemo;
			productReference = 445AD54A1A0880F400408F7B /* PortraitUploadDemo.app */;
			productType = "com.apple.product-type.application";
		};
		445AD5621A0880F500408F7B /* PortraitUploadDemoTests */ = {
			isa = PBXNativeTarget;
			buildConfigurationList = 445AD5701A0880F500408F7B /* Build configuration list for PBXNativeTarget "PortraitUploadDemoTests" */;
			buildPhases = (
				445AD55F1A0880F500408F7B /* Sources */,
				445AD5601A0880F500408F7B /* Frameworks */,
				445AD5611A0880F500408F7B /* Resources */,
			);
			buildRules = (
			);
			dependencies = (
				445AD5651A0880F500408F7B /* PBXTargetDependency */,
			);
			name = PortraitUploadDemoTests;
			productName = PortraitUploadDemoTests;
			productReference = 445AD5631A0880F500408F7B /* PortraitUploadDemoTests.xctest */;
			productType = "com.apple.product-type.bundle.unit-test";
		};
/* End PBXNativeTarget section */

/* Begin PBXProject section */
		445AD5421A0880F300408F7B /* Project object */ = {
			isa = PBXProject;
			attributes = {
				LastUpgradeCheck = 0610;
				ORGANIZATIONNAME = Qian100;
				TargetAttributes = {
					445AD5491A0880F400408F7B = {
						CreatedOnToolsVersion = 6.1;
					};
					445AD5621A0880F500408F7B = {
						CreatedOnToolsVersion = 6.1;
						TestTargetID = 445AD5491A0880F400408F7B;
					};
				};
			};
			buildConfigurationList = 445AD5451A0880F300408F7B /* Build configuration list for PBXProject "PortraitUploadDemo" */;
			compatibilityVersion = "Xcode 3.2";
			developmentRegion = English;
			hasScannedForEncodings = 0;
			knownRegions = (
				en,
				Base,
			);
			mainGroup = 445AD5411A0880F300408F7B;
			productRefGroup = 445AD54B1A0880F400408F7B /* Products */;
			projectDirPath = "";
			projectRoot = "";
			targets = (
				445AD5491A0880F400408F7B /* PortraitUploadDemo */,
				445AD5621A0880F500408F7B /* PortraitUploadDemoTests */,
			);
		};
/* End PBXProject section */

/* Begin PBXResourcesBuildPhase section */
		445AD5481A0880F400408F7B /* Resources */ = {
			isa = PBXResourcesBuildPhase;
			buildActionMask = 2147483647;
			files = (
				445AD5591A0880F500408F7B /* Main.storyboard in Resources */,
				445AD55E1A0880F500408F7B /* LaunchScreen.xib in Resources */,
				445AD55B1A0880F500408F7B /* Images.xcassets in Resources */,
			);
			runOnlyForDeploymentPostprocessing = 0;
		};
		445AD5611A0880F500408F7B /* Resources */ = {
			isa = PBXResourcesBuildPhase;
			buildActionMask = 2147483647;
			files = (
			);
			runOnlyForDeploymentPostprocessing = 0;
		};
/* End PBXResourcesBuildPhase section */

/* Begin PBXShellScriptBuildPhase section */
		296E6DAAEE9DEE93C1EFF287 /* Copy Pods Resources */ = {
			isa = PBXShellScriptBuildPhase;
			buildActionMask = 2147483647;
			files = (
			);
			inputPaths = (
			);
			name = "Copy Pods Resources";
			outputPaths = (
			);
			runOnlyForDeploymentPostprocessing = 0;
			shellPath = /bin/sh;
			shellScript = "\"${SRCROOT}/Pods/Target Support Files/Pods-PortraitUploadDemo/Pods-PortraitUploadDemo-resources.sh\"\n";
			showEnvVarsInLog = 0;
		};
		92D8DA479E12E842D9151CC8 /* Check Pods Manifest.lock */ = {
			isa = PBXShellScriptBuildPhase;
			buildActionMask = 2147483647;
			files = (
			);
			inputPaths = (
			);
			name = "Check Pods Manifest.lock";
			outputPaths = (
			);
			runOnlyForDeploymentPostprocessing = 0;
			shellPath = /bin/sh;
			shellScript = "diff \"${PODS_ROOT}/../Podfile.lock\" \"${PODS_ROOT}/Manifest.lock\" > /dev/null\nif [[ $? != 0 ]] ; then\n    cat << EOM\nerror: The sandbox is not in sync with the Podfile.lock. Run 'pod install' or update your CocoaPods installation.\nEOM\n    exit 1\nfi\n";
			showEnvVarsInLog = 0;
		};
/* End PBXShellScriptBuildPhase section */

/* Begin PBXSourcesBuildPhase section */
		445AD5461A0880F400408F7B /* Sources */ = {
			isa = PBXSourcesBuildPhase;
			buildActionMask = 2147483647;
			files = (
				445AD5561A0880F500408F7B /* ViewController.m in Sources */,
				445AD5531A0880F400408F7B /* AppDelegate.m in Sources */,
				445AD5501A0880F400408F7B /* main.m in Sources */,
				445AD5761A08A50D00408F7B /* PhotoSelectViewController.m in Sources */,
			);
			runOnlyForDeploymentPostprocessing = 0;
		};
		445AD55F1A0880F500408F7B /* Sources */ = {
			isa = PBXSourcesBuildPhase;
			buildActionMask = 2147483647;
			files = (
				445AD56A1A0880F500408F7B /* PortraitUploadDemoTests.m in Sources */,
			);
			runOnlyForDeploymentPostprocessing = 0;
		};
/* End PBXSourcesBuildPhase section */

/* Begin PBXTargetDependency section */
		445AD5651A0880F500408F7B /* PBXTargetDependency */ = {
			isa = PBXTargetDependency;
			target = 445AD5491A0880F400408F7B /* PortraitUploadDemo */;
			targetProxy = 445AD5641A0880F500408F7B /* PBXContainerItemProxy */;
		};
/* End PBXTargetDependency section */

/* Begin PBXVariantGroup section */
		445AD5571A0880F500408F7B /* Main.storyboard */ = {
			isa = PBXVariantGroup;
			children = (
				445AD5581A0880F500408F7B /* Base */,
			);
			name = Main.storyboard;
			sourceTree = "<group>";
		};
		445AD55C1A0880F500408F7B /* LaunchScreen.xib */ = {
			isa = PBXVariantGroup;
			children = (
				445AD55D1A0880F500408F7B /* Base */,
			);
			name = LaunchScreen.xib;
			sourceTree = "<group>";
		};
/* End PBXVariantGroup section */

/* Begin XCBuildConfiguration section */
		445AD56B1A0880F500408F7B /* Debug */ = {
			isa = XCBuildConfiguration;
			buildSettings = {
				ALWAYS_SEARCH_USER_PATHS = NO;
				CLANG_CXX_LANGUAGE_STANDARD = "gnu++0x";
				CLANG_CXX_LIBRARY = "libc++";
				CLANG_ENABLE_MODULES = YES;
				CLANG_ENABLE_OBJC_ARC = YES;
				CLANG_WARN_BOOL_CONVERSION = YES;
				CLANG_WARN_CONSTANT_CONVERSION = YES;
				CLANG_WARN_DIRECT_OBJC_ISA_USAGE = YES_ERROR;
				CLANG_WARN_EMPTY_BODY = YES;
				CLANG_WARN_ENUM_CONVERSION = YES;
				CLANG_WARN_INT_CONVERSION = YES;
				CLANG_WARN_OBJC_ROOT_CLASS = YES_ERROR;
				CLANG_WARN_UNREACHABLE_CODE = YES;
				CLANG_WARN__DUPLICATE_METHOD_MATCH = YES;
				"CODE_SIGN_IDENTITY[sdk=iphoneos*]" = "iPhone Developer";
				COPY_PHASE_STRIP = NO;
				ENABLE_STRICT_OBJC_MSGSEND = YES;
				GCC_C_LANGUAGE_STANDARD = gnu99;
				GCC_DYNAMIC_NO_PIC = NO;
				GCC_OPTIMIZATION_LEVEL = 0;
				GCC_PREPROCESSOR_DEFINITIONS = (
					"DEBUG=1",
					"$(inherited)",
				);
				GCC_SYMBOLS_PRIVATE_EXTERN = NO;
				GCC_WARN_64_TO_32_BIT_CONVERSION = YES;
				GCC_WARN_ABOUT_RETURN_TYPE = YES_ERROR;
				GCC_WARN_UNDECLARED_SELECTOR = YES;
				GCC_WARN_UNINITIALIZED_AUTOS = YES_AGGRESSIVE;
				GCC_WARN_UNUSED_FUNCTION = YES;
				GCC_WARN_UNUSED_VARIABLE = YES;
				IPHONEOS_DEPLOYMENT_TARGET = 8.1;
				MTL_ENABLE_DEBUG_INFO = YES;
				ONLY_ACTIVE_ARCH = YES;
				SDKROOT = iphoneos;
			};
			name = Debug;
		};
		445AD56C1A0880F500408F7B /* Release */ = {
			isa = XCBuildConfiguration;
			buildSettings = {
				ALWAYS_SEARCH_USER_PATHS = NO;
				CLANG_CXX_LANGUAGE_STANDARD = "gnu++0x";
				CLANG_CXX_LIBRARY = "libc++";
				CLANG_ENABLE_MODULES = YES;
				CLANG_ENABLE_OBJC_ARC = YES;
				CLANG_WARN_BOOL_CONVERSION = YES;
				CLANG_WARN_CONSTANT_CONVERSION = YES;
				CLANG_WARN_DIRECT_OBJC_ISA_USAGE = YES_ERROR;
				CLANG_WARN_EMPTY_BODY = YES;
				CLANG_WARN_ENUM_CONVERSION = YES;
				CLANG_WARN_INT_CONVERSION = YES;
				CLANG_WARN_OBJC_ROOT_CLASS = YES_ERROR;
				CLANG_WARN_UNREACHABLE_CODE = YES;
				CLANG_WARN__DUPLICATE_METHOD_MATCH = YES;
				"CODE_SIGN_IDENTITY[sdk=iphoneos*]" = "iPhone Developer";
				COPY_PHASE_STRIP = YES;
				ENABLE_NS_ASSERTIONS = NO;
				ENABLE_STRICT_OBJC_MSGSEND = YES;
				GCC_C_LANGUAGE_STANDARD = gnu99;
				GCC_WARN_64_TO_32_BIT_CONVERSION = YES;
				GCC_WARN_ABOUT_RETURN_TYPE = YES_ERROR;
				GCC_WARN_UNDECLARED_SELECTOR = YES;
				GCC_WARN_UNINITIALIZED_AUTOS = YES_AGGRESSIVE;
				GCC_WARN_UNUSED_FUNCTION = YES;
				GCC_WARN_UNUSED_VARIABLE = YES;
				IPHONEOS_DEPLOYMENT_TARGET = 8.1;
				MTL_ENABLE_DEBUG_INFO = NO;
				SDKROOT = iphoneos;
				VALIDATE_PRODUCT = YES;
			};
			name = Release;
		};
		445AD56E1A0880F500408F7B /* Debug */ = {
			isa = XCBuildConfiguration;
			baseConfigurationReference = 3EDAE57A2D573F32E38CB0CD /* Pods-PortraitUploadDemo.debug.xcconfig */;
			buildSettings = {
				ASSETCATALOG_COMPILER_APPICON_NAME = AppIcon;
				INFOPLIST_FILE = PortraitUploadDemo/Info.plist;
				LD_RUNPATH_SEARCH_PATHS = "$(inherited) @executable_path/Frameworks";
				PRODUCT_NAME = "$(TARGET_NAME)";
			};
			name = Debug;
		};
		445AD56F1A0880F500408F7B /* Release */ = {
			isa = XCBuildConfiguration;
			baseConfigurationReference = 7EC25C3091031E48CB4EB788 /* Pods-PortraitUploadDemo.release.xcconfig */;
			buildSettings = {
				ASSETCATALOG_COMPILER_APPICON_NAME = AppIcon;
				INFOPLIST_FILE = PortraitUploadDemo/Info.plist;
				LD_RUNPATH_SEARCH_PATHS = "$(inherited) @executable_path/Frameworks";
				PRODUCT_NAME = "$(TARGET_NAME)";
			};
			name = Release;
		};
		445AD5711A0880F500408F7B /* Debug */ = {
			isa = XCBuildConfiguration;
			buildSettings = {
				BUNDLE_LOADER = "$(TEST_HOST)";
				FRAMEWORK_SEARCH_PATHS = (
					"$(SDKROOT)/Developer/Library/Frameworks",
					"$(inherited)",
				);
				GCC_PREPROCESSOR_DEFINITIONS = (
					"DEBUG=1",
					"$(inherited)",
				);
				INFOPLIST_FILE = PortraitUploadDemoTests/Info.plist;
				LD_RUNPATH_SEARCH_PATHS = "$(inherited) @executable_path/Frameworks @loader_path/Frameworks";
				PRODUCT_NAME = "$(TARGET_NAME)";
				TEST_HOST = "$(BUILT_PRODUCTS_DIR)/PortraitUploadDemo.app/PortraitUploadDemo";
			};
			name = Debug;
		};
		445AD5721A0880F500408F7B /* Release */ = {
			isa = XCBuildConfiguration;
			buildSettings = {
				BUNDLE_LOADER = "$(TEST_HOST)";
				FRAMEWORK_SEARCH_PATHS = (
					"$(SDKROOT)/Developer/Library/Frameworks",
					"$(inherited)",
				);
				INFOPLIST_FILE = PortraitUploadDemoTests/Info.plist;
				LD_RUNPATH_SEARCH_PATHS = "$(inherited) @executable_path/Frameworks @loader_path/Frameworks";
				PRODUCT_NAME = "$(TARGET_NAME)";
				TEST_HOST = "$(BUILT_PRODUCTS_DIR)/PortraitUploadDemo.app/PortraitUploadDemo";
			};
			name = Release;
		};
/* End XCBuildConfiguration section */

/* Begin XCConfigurationList section */
		445AD5451A0880F300408F7B /* Build configuration list for PBXProject "PortraitUploadDemo" */ = {
			isa = XCConfigurationList;
			buildConfigurations = (
				445AD56B1A0880F500408F7B /* Debug */,
				445AD56C1A0880F500408F7B /* Release */,
			);
			defaultConfigurationIsVisible = 0;
			defaultConfigurationName = Release;
		};
		445AD56D1A0880F500408F7B /* Build configuration list for PBXNativeTarget "PortraitUploadDemo" */ = {
			isa = XCConfigurationList;
			buildConfigurations = (
				445AD56E1A0880F500408F7B /* Debug */,
				445AD56F1A0880F500408F7B /* Release */,
			);
			defaultConfigurationIsVisible = 0;
			defaultConfigurationName = Release;
		};
		445AD5701A0880F500408F7B /* Build configuration list for PBXNativeTarget "PortraitUploadDemoTests" */ = {
			isa = XCConfigurationList;
			buildConfigurations = (
				445AD5711A0880F500408F7B /* Debug */,
				445AD5721A0880F500408F7B /* Release */,
			);
			defaultConfigurationIsVisible = 0;
			defaultConfigurationName = Release;
		};
/* End XCConfigurationList section */
	};
	rootObject = 445AD5421A0880F300408F7B /* Project object */;
}
